
Microsoft Visual Studio Solution File, Format Version 10.00
# Visual Studio 2008
Project("{FAE04EC0-301F-11D3-BF4B-00C04F79EFBC}") = "DistanceTransformDemo", "DistanceTransformDemo\DistanceTransformDemo.csproj", "{6FF984C4-877C-496A-80FC-B72C8CAC0D95}"
EndProject
Global
	GlobalSection(SolutionConfigurationPlatforms) = preSolution
		Debug|Any CPU = Debug|Any CPU
		Release|Any CPU = Release|Any CPU
	EndGlobalSection
	GlobalSection(ProjectConfigurationPlatforms) = postSolution
		{6FF984C4-877C-496A-80FC-B72C8CAC0D95}.Debug|Any CPU.ActiveCfg = Debug|Any CPU
		{6FF984C4-877C-496A-80FC-B72C8CAC0D95}.Debug|Any CPU.Build.0 = Debug|Any CPU
		{6FF984C4-877C-496A-80FC-B72C8CAC0D95}.Release|Any CPU.ActiveCfg = Release|Any CPU
		{6FF984C4-877C-496A-80FC-B72C8CAC0D95}.Release|Any CPU.Build.0 = Release|Any CPU
	EndGlobalSection
	GlobalSection(SolutionProperties) = preSolution
		HideSolutionNode = FALSE
	EndGlobalSection
EndGlobal
